
Microsoft Visual Studio Solution File, Format Version 12.00
# Visual Studio Version 16
VisualStudioVersion = 16.0.29609.76
MinimumVisualStudioVersion = 10.0.40219.1
Project("{9A19103F-16F7-4668-BE54-9A1E7A4F7556}") = "DataModels", "DataModels\DataModels.csproj", "{1BD5A047-198D-4524-9C7E-AE6D014F605E}"
EndProject
Project("{9A19103F-16F7-4668-BE54-9A1E7A4F7556}") = "TD-API-Interface", "TD-API-Interface\TD-API-Interface.csproj", "{0E0BAA91-594F-437B-99C0-A22F4FDABDCD}"
EndProject
Project("{9A19103F-16F7-4668-BE54-9A1E7A4F7556}") = "Ploygon_Interface", "Ploygon_Interface\Ploygon_Interface.csproj", "{7B3EAB3A-F76B-4EE4-B661-8DFF97C0B9A5}"
Global
	GlobalSection(SolutionConfigurationPlatforms) = preSolution
		Debug|Any CPU = Debug|Any CPU
		Release|Any CPU = Release|Any CPU
	EndGlobalSection
	GlobalSection(ProjectConfigurationPlatforms) = postSolution
		{1BD5A047-198D-4524-9C7E-AE6D014F605E}.Debug|Any CPU.ActiveCfg = Debug|Any CPU
		{1BD5A047-198D-4524-9C7E-AE6D014F605E}.Debug|Any CPU.Build.0 = Debug|Any CPU
		{1BD5A047-198D-4524-9C7E-AE6D014F605E}.Release|Any CPU.ActiveCfg = Release|Any CPU
		{1BD5A047-198D-4524-9C7E-AE6D014F605E}.Release|Any CPU.Build.0 = Release|Any CPU
		{0E0BAA91-594F-437B-99C0-A22F4FDABDCD}.Debug|Any CPU.ActiveCfg = Debug|Any CPU
		{0E0BAA91-594F-437B-99C0-A22F4FDABDCD}.Debug|Any CPU.Build.0 = Debug|Any CPU
		{0E0BAA91-594F-437B-99C0-A22F4FDABDCD}.Release|Any CPU.ActiveCfg = Release|Any CPU
		{0E0BAA91-594F-437B-99C0-A22F4FDABDCD}.Release|Any CPU.Build.0 = Release|Any CPU
		{7B3EAB3A-F76B-4EE4-B661-8DFF97C0B9A5}.Debug|Any CPU.ActiveCfg = Debug|Any CPU
		{7B3EAB3A-F76B-4EE4-B661-8DFF97C0B9A5}.Debug|Any CPU.Build.0 = Debug|Any CPU
		{7B3EAB3A-F76B-4EE4-B661-8DFF97C0B9A5}.Release|Any CPU.ActiveCfg = Release|Any CPU
		{7B3EAB3A-F76B-4EE4-B661-8DFF97C0B9A5}.Release|Any CPU.Build.0 = Release|Any CPU
	EndGlobalSection
	GlobalSection(SolutionProperties) = preSolution
		HideSolutionNode = FALSE
	EndGlobalSection
	GlobalSection(ExtensibilityGlobals) = postSolution
		SolutionGuid = {F1E4D4BF-B041-4785-A145-3B9642912112}
	EndGlobalSection
EndGlobal
